// !$*UTF8*$!
{
	archiveVersion = 1;
	classes = {
	};
	objectVersion = 55;
	objects = {

/* Begin PBXBuildFile section */
		D51A1D8728C4B0E8003F240C /* Localizable.strings in Resources */ = {isa = PBXBuildFile; fileRef = D51A1D8928C4B0E8003F240C /* Localizable.strings */; };
		D5AB551228C0F3C200945633 /* SwipeView.swift in Sources */ = {isa = PBXBuildFile; fileRef = D5AB551128C0F3C200945633 /* SwipeView.swift */; };
		D5AB551628C0F58500945633 /* ContentView.swift in Sources */ = {isa = PBXBuildFile; fileRef = D5AB551528C0F58500945633 /* ContentView.swift */; };
		D5AB551828C0F70B00945633 /* TondorLogo.swift in Sources */ = {isa = PBXBuildFile; fileRef = D5AB551728C0F70B00945633 /* TondorLogo.swift */; };
		D5AB552028C10CC400945633 /* StampView.swift in Sources */ = {isa = PBXBuildFile; fileRef = D5AB551F28C10CC400945633 /* StampView.swift */; };
		D5D2380428BFB91400607D73 /* TondorApp.swift in Sources */ = {isa = PBXBuildFile; fileRef = D5D2380328BFB91400607D73 /* TondorApp.swift */; };
		D5D2380828BFB91400607D73 /* Assets.xcassets in Resources */ = {isa = PBXBuildFile; fileRef = D5D2380728BFB91400607D73 /* Assets.xcassets */; };
		D5D2380B28BFB91400607D73 /* Preview Assets.xcassets in Resources */ = {isa = PBXBuildFile; fileRef = D5D2380A28BFB91400607D73 /* Preview Assets.xcassets */; };
		D5D2381828BFB94100607D73 /* Profile.swift in Sources */ = {isa = PBXBuildFile; fileRef = D5D2381428BFB94100607D73 /* Profile.swift */; };
		D5D2381A28BFB97800607D73 /* ProfileCardView.swift in Sources */ = {isa = PBXBuildFile; fileRef = D5D2381928BFB97800607D73 /* ProfileCardView.swift */; };
		D5D2381C28BFB98E00607D73 /* LikeType.swift in Sources */ = {isa = PBXBuildFile; fileRef = D5D2381B28BFB98E00607D73 /* LikeType.swift */; };
		D5EAFAC128C7EDB400344E8A /* ProfileInfoView.swift in Sources */ = {isa = PBXBuildFile; fileRef = D5EAFAC028C7EDB400344E8A /* ProfileInfoView.swift */; };
/* End PBXBuildFile section */

/* Begin PBXFileReference section */
		D51A1D8A28C4B0EA003F240C /* nl */ = {isa = PBXFileReference; lastKnownFileType = text.plist.strings; name = nl; path = nl.lproj/Localizable.strings; sourceTree = "<group>"; };
		D51A1D8B28C4B116003F240C /* sv */ = {isa = PBXFileReference; lastKnownFileType = text.plist.strings; name = sv; path = sv.lproj/Localizable.strings; sourceTree = "<group>"; };
		D551494528C6557D00BB7B43 /* en */ = {isa = PBXFileReference; lastKnownFileType = text.plist.strings; name = en; path = en.lproj/Localizable.strings; sourceTree = "<group>"; };
		D5AB551128C0F3C200945633 /* SwipeView.swift */ = {isa = PBXFileReference; lastKnownFileType = sourcecode.swift; path = SwipeView.swift; sourceTree = "<group>"; };
		D5AB551528C0F58500945633 /* ContentView.swift */ = {isa = PBXFileReference; lastKnownFileType = sourcecode.swift; path = ContentView.swift; sourceTree = "<group>"; };
		D5AB551728C0F70B00945633 /* TondorLogo.swift */ = {isa = PBXFileReference; lastKnownFileType = sourcecode.swift; path = TondorLogo.swift; sourceTree = "<group>"; };
		D5AB551F28C10CC400945633 /* StampView.swift */ = {isa = PBXFileReference; lastKnownFileType = sourcecode.swift; path = StampView.swift; sourceTree = "<group>"; };
		D5D2380028BFB91400607D73 /* Tondor.app */ = {isa = PBXFileReference; explicitFileType = wrapper.application; includeInIndex = 0; path = Tondor.app; sourceTree = BUILT_PRODUCTS_DIR; };
		D5D2380328BFB91400607D73 /* TondorApp.swift */ = {isa = PBXFileReference; lastKnownFileType = sourcecode.swift; path = TondorApp.swift; sourceTree = "<group>"; };
		D5D2380728BFB91400607D73 /* Assets.xcassets */ = {isa = PBXFileReference; lastKnownFileType = folder.assetcatalog; path = Assets.xcassets; sourceTree = "<group>"; };
		D5D2380A28BFB91400607D73 /* Preview Assets.xcassets */ = {isa = PBXFileReference; lastKnownFileType = folder.assetcatalog; path = "Preview Assets.xcassets"; sourceTree = "<group>"; };
		D5D2381428BFB94100607D73 /* Profile.swift */ = {isa = PBXFileReference; fileEncoding = 4; lastKnownFileType = sourcecode.swift; path = Profile.swift; sourceTree = "<group>"; };
		D5D2381928BFB97800607D73 /* ProfileCardView.swift */ = {isa = PBXFileReference; lastKnownFileType = sourcecode.swift; path = ProfileCardView.swift; sourceTree = "<group>"; };
		D5D2381B28BFB98E00607D73 /* LikeType.swift */ = {isa = PBXFileReference; lastKnownFileType = sourcecode.swift; path = LikeType.swift; sourceTree = "<group>"; };
		D5EAFAC028C7EDB400344E8A /* ProfileInfoView.swift */ = {isa = PBXFileReference; lastKnownFileType = sourcecode.swift; path = ProfileInfoView.swift; sourceTree = "<group>"; };
/* End PBXFileReference section */

/* Begin PBXFrameworksBuildPhase section */
		D5D237FD28BFB91400607D73 /* Frameworks */ = {
			isa = PBXFrameworksBuildPhase;
			buildActionMask = 2147483647;
			files = (
			);
			runOnlyForDeploymentPostprocessing = 0;
		};
/* End PBXFrameworksBuildPhase section */

/* Begin PBXGroup section */
		D5AB550F28C0F39100945633 /* Data Model */ = {
			isa = PBXGroup;
			children = (
				D5D2381428BFB94100607D73 /* Profile.swift */,
				D5D2381B28BFB98E00607D73 /* LikeType.swift */,
			);
			path = "Data Model";
			sourceTree = "<group>";
		};
		D5D237F728BFB91400607D73 = {
			isa = PBXGroup;
			children = (
				D5D2380228BFB91400607D73 /* Tondor */,
				D5D2380128BFB91400607D73 /* Products */,
			);
			indentWidth = 4;
			sourceTree = "<group>";
			tabWidth = 4;
		};
		D5D2380128BFB91400607D73 /* Products */ = {
			isa = PBXGroup;
			children = (
				D5D2380028BFB91400607D73 /* Tondor.app */,
			);
			name = Products;
			sourceTree = "<group>";
		};
		D5D2380228BFB91400607D73 /* Tondor */ = {
			isa = PBXGroup;
			children = (
				D5D2380328BFB91400607D73 /* TondorApp.swift */,
				D5AB551528C0F58500945633 /* ContentView.swift */,
				D5AB551728C0F70B00945633 /* TondorLogo.swift */,
				D5AB551128C0F3C200945633 /* SwipeView.swift */,
				D5D2381928BFB97800607D73 /* ProfileCardView.swift */,
				D5EAFAC028C7EDB400344E8A /* ProfileInfoView.swift */,
				D5AB551F28C10CC400945633 /* StampView.swift */,
				D5AB550F28C0F39100945633 /* Data Model */,
				D5D2380728BFB91400607D73 /* Assets.xcassets */,
				D5D2380928BFB91400607D73 /* Preview Content */,
				D51A1D8928C4B0E8003F240C /* Localizable.strings */,
			);
			path = Tondor;
			sourceTree = "<group>";
		};
		D5D2380928BFB91400607D73 /* Preview Content */ = {
			isa = PBXGroup;
			children = (
				D5D2380A28BFB91400607D73 /* Preview Assets.xcassets */,
			);
			path = "Preview Content";
			sourceTree = "<group>";
		};
/* End PBXGroup section */

/* Begin PBXNativeTarget section */
		D5D237FF28BFB91400607D73 /* Tondor */ = {
			isa = PBXNativeTarget;
			buildConfigurationList = D5D2380E28BFB91400607D73 /* Build configuration list for PBXNativeTarget "Tondor" */;
			buildPhases = (
				D5D237FC28BFB91400607D73 /* Sources */,
				D5D237FD28BFB91400607D73 /* Frameworks */,
				D5D237FE28BFB91400607D73 /* Resources */,
			);
			buildRules = (
			);
			dependencies = (
			);
			name = Tondor;
			productName = Tondor;
			productReference = D5D2380028BFB91400607D73 /* Tondor.app */;
			productType = "com.apple.product-type.application";
		};
/* End PBXNativeTarget section */

/* Begin PBXProject section */
		D5D237F828BFB91400607D73 /* Project object */ = {
			isa = PBXProject;
			attributes = {
				BuildIndependentTargetsInParallel = 1;
				LastSwiftUpdateCheck = 1340;
				LastUpgradeCheck = 1340;
				TargetAttributes = {
					D5D237FF28BFB91400607D73 = {
						CreatedOnToolsVersion = 13.4.1;
					};
				};
			};
			buildConfigurationList = D5D237FB28BFB91400607D73 /* Build configuration list for PBXProject "Tondor" */;
			compatibilityVersion = "Xcode 13.0";
			developmentRegion = en;
			hasScannedForEncodings = 0;
			knownRegions = (
				en,
				Base,
				nl,
				sv,
			);
			mainGroup = D5D237F728BFB91400607D73;
			productRefGroup = D5D2380128BFB91400607D73 /* Products */;
			projectDirPath = "";
			projectRoot = "";
			targets = (
				D5D237FF28BFB91400607D73 /* Tondor */,
			);
		};
/* End PBXProject section */

/* Begin PBXResourcesBuildPhase section */
		D5D237FE28BFB91400607D73 /* Resources */ = {
			isa = PBXResourcesBuildPhase;
			buildActionMask = 2147483647;
			files = (
				D5D2380B28BFB91400607D73 /* Preview Assets.xcassets in Resources */,
				D51A1D8728C4B0E8003F240C /* Localizable.strings in Resources */,
				D5D2380828BFB91400607D73 /* Assets.xcassets in Resources */,
			);
			runOnlyForDeploymentPostprocessing = 0;
		};
/* End PBXResourcesBuildPhase section */

/* Begin PBXSourcesBuildPhase section */
		D5D237FC28BFB91400607D73 /* Sources */ = {
			isa = PBXSourcesBuildPhase;
			buildActionMask = 2147483647;
			files = (
				D5EAFAC128C7EDB400344E8A /* ProfileInfoView.swift in Sources */,
				D5D2381828BFB94100607D73 /* Profile.swift in Sources */,
				D5AB551228C0F3C200945633 /* SwipeView.swift in Sources */,
				D5D2381C28BFB98E00607D73 /* LikeType.swift in Sources */,
				D5AB551828C0F70B00945633 /* TondorLogo.swift in Sources */,
				D5AB551628C0F58500945633 /* ContentView.swift in Sources */,
				D5AB552028C10CC400945633 /* StampView.swift in Sources */,
				D5D2381A28BFB97800607D73 /* ProfileCardView.swift in Sources */,
				D5D2380428BFB91400607D73 /* TondorApp.swift in Sources */,
			);
			runOnlyForDeploymentPostprocessing = 0;
		};
/* End PBXSourcesBuildPhase section */

/* Begin PBXVariantGroup section */
		D51A1D8928C4B0E8003F240C /* Localizable.strings */ = {
			isa = PBXVariantGroup;
			children = (
				D51A1D8A28C4B0EA003F240C /* nl */,
				D51A1D8B28C4B116003F240C /* sv */,
				D551494528C6557D00BB7B43 /* en */,
			);
			name = Localizable.strings;
			sourceTree = "<group>";
		};
/* End PBXVariantGroup section */

/* Begin XCBuildConfiguration section */
		D5D2380C28BFB91400607D73 /* Debug */ = {
			isa = XCBuildConfiguration;
			buildSettings = {
				ALWAYS_SEARCH_USER_PATHS = NO;
				CLANG_ANALYZER_NONNULL = YES;
				CLANG_ANALYZER_NUMBER_OBJECT_CONVERSION = YES_AGGRESSIVE;
				CLANG_CXX_LANGUAGE_STANDARD = "gnu++17";
				CLANG_ENABLE_MODULES = YES;
				CLANG_ENABLE_OBJC_ARC = YES;
				CLANG_ENABLE_OBJC_WEAK = YES;
				CLANG_WARN_BLOCK_CAPTURE_AUTORELEASING = YES;
				CLANG_WARN_BOOL_CONVERSION = YES;
				CLANG_WARN_COMMA = YES;
				CLANG_WARN_CONSTANT_CONVERSION = YES;
				CLANG_WARN_DEPRECATED_OBJC_IMPLEMENTATIONS = YES;
				CLANG_WARN_DIRECT_OBJC_ISA_USAGE = YES_ERROR;
				CLANG_WARN_DOCUMENTATION_COMMENTS = YES;
				CLANG_WARN_EMPTY_BODY = YES;
				CLANG_WARN_ENUM_CONVERSION = YES;
				CLANG_WARN_INFINITE_RECURSION = YES;
				CLANG_WARN_INT_CONVERSION = YES;
				CLANG_WARN_NON_LITERAL_NULL_CONVERSION = YES;
				CLANG_WARN_OBJC_IMPLICIT_RETAIN_SELF = YES;
				CLANG_WARN_OBJC_LITERAL_CONVERSION = YES;
				CLANG_WARN_OBJC_ROOT_CLASS = YES_ERROR;
				CLANG_WARN_QUOTED_INCLUDE_IN_FRAMEWORK_HEADER = YES;
				CLANG_WARN_RANGE_LOOP_ANALYSIS = YES;
				CLANG_WARN_STRICT_PROTOTYPES = YES;
				CLANG_WARN_SUSPICIOUS_MOVE = YES;
				CLANG_WARN_UNGUARDED_AVAILABILITY = YES_AGGRESSIVE;
				CLANG_WARN_UNREACHABLE_CODE = YES;
				CLANG_WARN__DUPLICATE_METHOD_MATCH = YES;
				COPY_PHASE_STRIP = NO;
				DEBUG_INFORMATION_FORMAT = dwarf;
				ENABLE_STRICT_OBJC_MSGSEND = YES;
				ENABLE_TESTABILITY = YES;
				GCC_C_LANGUAGE_STANDARD = gnu11;
				GCC_DYNAMIC_NO_PIC = NO;
				GCC_NO_COMMON_BLOCKS = YES;
				GCC_OPTIMIZATION_LEVEL = 0;
				GCC_PREPROCESSOR_DEFINITIONS = (
					"DEBUG=1",
					"$(inherited)",
				);
				GCC_WARN_64_TO_32_BIT_CONVERSION = YES;
				GCC_WARN_ABOUT_RETURN_TYPE = YES_ERROR;
				GCC_WARN_UNDECLARED_SELECTOR = YES;
				GCC_WARN_UNINITIALIZED_AUTOS = YES_AGGRESSIVE;
				GCC_WARN_UNUSED_FUNCTION = YES;
				GCC_WARN_UNUSED_VARIABLE = YES;
				IPHONEOS_DEPLOYMENT_TARGET = 15.5;
				MTL_ENABLE_DEBUG_INFO = INCLUDE_SOURCE;
				MTL_FAST_MATH = YES;
				ONLY_ACTIVE_ARCH = YES;
				SDKROOT = iphoneos;
				SWIFT_ACTIVE_COMPILATION_CONDITIONS = DEBUG;
				SWIFT_OPTIMIZATION_LEVEL = "-Onone";
			};
			name = Debug;
		};
		D5D2380D28BFB91400607D73 /* Release */ = {
			isa = XCBuildConfiguration;
			buildSettings = {
				ALWAYS_SEARCH_USER_PATHS = NO;
				CLANG_ANALYZER_NONNULL = YES;
				CLANG_ANALYZER_NUMBER_OBJECT_CONVERSION = YES_AGGRESSIVE;
				CLANG_CXX_LANGUAGE_STANDARD = "gnu++17";
				CLANG_ENABLE_MODULES = YES;
				CLANG_ENABLE_OBJC_ARC = YES;
				CLANG_ENABLE_OBJC_WEAK = YES;
				CLANG_WARN_BLOCK_CAPTURE_AUTORELEASING = YES;
				CLANG_WARN_BOOL_CONVERSION = YES;
				CLANG_WARN_COMMA = YES;
				CLANG_WARN_CONSTANT_CONVERSION = YES;
				CLANG_WARN_DEPRECATED_OBJC_IMPLEMENTATIONS = YES;
				CLANG_WARN_DIRECT_OBJC_ISA_USAGE = YES_ERROR;
				CLANG_WARN_DOCUMENTATION_COMMENTS = YES;
				CLANG_WARN_EMPTY_BODY = YES;
				CLANG_WARN_ENUM_CONVERSION = YES;
				CLANG_WARN_INFINITE_RECURSION = YES;
				CLANG_WARN_INT_CONVERSION = YES;
				CLANG_WARN_NON_LITERAL_NULL_CONVERSION = YES;
				CLANG_WARN_OBJC_IMPLICIT_RETAIN_SELF = YES;
				CLANG_WARN_OBJC_LITERAL_CONVERSION = YES;
				CLANG_WARN_OBJC_ROOT_CLASS = YES_ERROR;
				CLANG_WARN_QUOTED_INCLUDE_IN_FRAMEWORK_HEADER = YES;
				CLANG_WARN_RANGE_LOOP_ANALYSIS = YES;
				CLANG_WARN_STRICT_PROTOTYPES = YES;
				CLANG_WARN_SUSPICIOUS_MOVE = YES;
				CLANG_WARN_UNGUARDED_AVAILABILITY = YES_AGGRESSIVE;
				CLANG_WARN_UNREACHABLE_CODE = YES;
				CLANG_WARN__DUPLICATE_METHOD_MATCH = YES;
				COPY_PHASE_STRIP = NO;
				DEBUG_INFORMATION_FORMAT = "dwarf-with-dsym";
				ENABLE_NS_ASSERTIONS = NO;
				ENABLE_STRICT_OBJC_MSGSEND = YES;
				GCC_C_LANGUAGE_STANDARD = gnu11;
				GCC_NO_COMMON_BLOCKS = YES;
				GCC_WARN_64_TO_32_BIT_CONVERSION = YES;
				GCC_WARN_ABOUT_RETURN_TYPE = YES_ERROR;
				GCC_WARN_UNDECLARED_SELECTOR = YES;
				GCC_WARN_UNINITIALIZED_AUTOS = YES_AGGRESSIVE;
				GCC_WARN_UNUSED_FUNCTION = YES;
				GCC_WARN_UNUSED_VARIABLE = YES;
				IPHONEOS_DEPLOYMENT_TARGET = 15.5;
				MTL_ENABLE_DEBUG_INFO = NO;
				MTL_FAST_MATH = YES;
				SDKROOT = iphoneos;
				SWIFT_COMPILATION_MODE = wholemodule;
				SWIFT_OPTIMIZATION_LEVEL = "-O";
				VALIDATE_PRODUCT = YES;
			};
			name = Release;
		};
		D5D2380F28BFB91400607D73 /* Debug */ = {
			isa = XCBuildConfiguration;
			buildSettings = {
				ASSETCATALOG_COMPILER_APPICON_NAME = AppIcon;
				ASSETCATALOG_COMPILER_GLOBAL_ACCENT_COLOR_NAME = AccentColor;
				CODE_SIGN_STYLE = Automatic;
				CURRENT_PROJECT_VERSION = 1;
				DEVELOPMENT_ASSET_PATHS = "\"Tondor/Preview Content\"";
				DEVELOPMENT_TEAM = 8J6VSUTQNX;
				ENABLE_PREVIEWS = YES;
				GENERATE_INFOPLIST_FILE = YES;
				INFOPLIST_KEY_UIApplicationSceneManifest_Generation = YES;
				INFOPLIST_KEY_UIApplicationSupportsIndirectInputEvents = YES;
				INFOPLIST_KEY_UILaunchScreen_Generation = YES;
				INFOPLIST_KEY_UISupportedInterfaceOrientations_iPad = "UIInterfaceOrientationPortrait UIInterfaceOrientationPortraitUpsideDown UIInterfaceOrientationLandscapeLeft UIInterfaceOrientationLandscapeRight";
				INFOPLIST_KEY_UISupportedInterfaceOrientations_iPhone = "UIInterfaceOrientationPortrait UIInterfaceOrientationLandscapeLeft UIInterfaceOrientationLandscapeRight";
				LD_RUNPATH_SEARCH_PATHS = (
					"$(inherited)",
					"@executable_path/Frameworks",
				);
				MARKETING_VERSION = 1.0;
				PRODUCT_BUNDLE_IDENTIFIER = com.q42.Tondor;
				PRODUCT_NAME = "$(TARGET_NAME)";
				SWIFT_EMIT_LOC_STRINGS = YES;
				SWIFT_VERSION = 5.0;
				TARGETED_DEVICE_FAMILY = 1;
			};
			name = Debug;
		};
		D5D2381028BFB91400607D73 /* Release */ = {
			isa = XCBuildConfiguration;
			buildSettings = {
				ASSETCATALOG_COMPILER_APPICON_NAME = AppIcon;
				ASSETCATALOG_COMPILER_GLOBAL_ACCENT_COLOR_NAME = AccentColor;
				CODE_SIGN_STYLE = Automatic;
				CURRENT_PROJECT_VERSION = 1;
				DEVELOPMENT_ASSET_PATHS = "\"Tondor/Preview Content\"";
				DEVELOPMENT_TEAM = 8J6VSUTQNX;
				ENABLE_PREVIEWS = YES;
				GENERATE_INFOPLIST_FILE = YES;
				INFOPLIST_KEY_UIApplicationSceneManifest_Generation = YES;
				INFOPLIST_KEY_UIApplicationSupportsIndirectInputEvents = YES;
				INFOPLIST_KEY_UILaunchScreen_Generation = YES;
				INFOPLIST_KEY_UISupportedInterfaceOrientations_iPad = "UIInterfaceOrientationPortrait UIInterfaceOrientationPortraitUpsideDown UIInterfaceOrientationLandscapeLeft UIInterfaceOrientationLandscapeRight";
				INFOPLIST_KEY_UISupportedInterfaceOrientations_iPhone = "UIInterfaceOrientationPortrait UIInterfaceOrientationLandscapeLeft UIInterfaceOrientationLandscapeRight";
				LD_RUNPATH_SEARCH_PATHS = (
					"$(inherited)",
					"@executable_path/Frameworks",
				);
				MARKETING_VERSION = 1.0;
				PRODUCT_BUNDLE_IDENTIFIER = com.q42.Tondor;
				PRODUCT_NAME = "$(TARGET_NAME)";
				SWIFT_EMIT_LOC_STRINGS = YES;
				SWIFT_VERSION = 5.0;
				TARGETED_DEVICE_FAMILY = 1;
			};
			name = Release;
		};
/* End XCBuildConfiguration section */

/* Begin XCConfigurationList section */
		D5D237FB28BFB91400607D73 /* Build configuration list for PBXProject "Tondor" */ = {
			isa = XCConfigurationList;
			buildConfigurations = (
				D5D2380C28BFB91400607D73 /* Debug */,
				D5D2380D28BFB91400607D73 /* Release */,
			);
			defaultConfigurationIsVisible = 0;
			defaultConfigurationName = Release;
		};
		D5D2380E28BFB91400607D73 /* Build configuration list for PBXNativeTarget "Tondor" */ = {
			isa = XCConfigurationList;
			buildConfigurations = (
				D5D2380F28BFB91400607D73 /* Debug */,
				D5D2381028BFB91400607D73 /* Release */,
			);
			defaultConfigurationIsVisible = 0;
			defaultConfigurationName = Release;
		};
/* End XCConfigurationList section */
	};
	rootObject = D5D237F828BFB91400607D73 /* Project object */;
}
